{
  "pins" : [
    {
      "identity" : "thapiclient",
      "kind" : "remoteSourceControl",
      "location" : "https://github.com/h-taro/THApiClient",
      "state" : {
        "revision" : "72060cf1b922794b5421bbf3845a2f672073d4ef",
        "version" : "0.0.2"
      }
    },
    {
      "identity" : "thlogger",
      "kind" : "remoteSourceControl",
      "location" : "https://github.com/h-taro/THLogger",
      "state" : {
        "revision" : "13acd2ac0bbd0042041f47d6dfff6dd373613655",
        "version" : "0.0.4"
      }
    }
  ],
  "version" : 2
}
