{
  "pins" : [
    {
      "identity" : "thapiclient",
      "kind" : "remoteSourceControl",
      "location" : "https://github.com/h-taro/THApiClient",
      "state" : {
        "revision" : "4a37457998764ef4381a6a4cce0b6a6bd6e022be",
        "version" : "0.0.1"
      }
    }
  ],
  "version" : 2
}
